
Microsoft Visual Studio Solution File, Format Version 12.00
# Visual Studio 15
Project("{FAE04EC0-301F-11D3-BF4B-00C04F79EFBC}") = "Assembly-CSharp", "Assembly-CSharp.csproj", "{A1700ED4-3BCD-43AE-2304-3FB888BED1E3}"
EndProject
Project("{FAE04EC0-301F-11D3-BF4B-00C04F79EFBC}") = "Assembly-CSharp-Editor", "Assembly-CSharp-Editor.csproj", "{679293A8-076D-616C-C7CB-B9C5EB466F39}"
EndProject
Global
	GlobalSection(SolutionConfigurationPlatforms) = preSolution
		Debug|Any CPU = Debug|Any CPU
		Release|Any CPU = Release|Any CPU
	EndGlobalSection
	GlobalSection(ProjectConfigurationPlatforms) = postSolution
		{A1700ED4-3BCD-43AE-2304-3FB888BED1E3}.Debug|Any CPU.ActiveCfg = Debug|Any CPU
		{A1700ED4-3BCD-43AE-2304-3FB888BED1E3}.Debug|Any CPU.Build.0 = Debug|Any CPU
		{A1700ED4-3BCD-43AE-2304-3FB888BED1E3}.Release|Any CPU.ActiveCfg = Release|Any CPU
		{A1700ED4-3BCD-43AE-2304-3FB888BED1E3}.Release|Any CPU.Build.0 = Release|Any CPU
		{679293A8-076D-616C-C7CB-B9C5EB466F39}.Debug|Any CPU.ActiveCfg = Debug|Any CPU
		{679293A8-076D-616C-C7CB-B9C5EB466F39}.Debug|Any CPU.Build.0 = Debug|Any CPU
		{679293A8-076D-616C-C7CB-B9C5EB466F39}.Release|Any CPU.ActiveCfg = Release|Any CPU
		{679293A8-076D-616C-C7CB-B9C5EB466F39}.Release|Any CPU.Build.0 = Release|Any CPU
	EndGlobalSection
	GlobalSection(SolutionProperties) = preSolution
		HideSolutionNode = FALSE
	EndGlobalSection
EndGlobal
